// !$*UTF8*$!
{
	archiveVersion = 1;
	classes = {
	};
	objectVersion = 50;
	objects = {

/* Begin PBXBuildFile section */
		4E62940CF1304C0A79705036 /* Pods_MisakoooKadai2Tests.framework in Frameworks */ = {isa = PBXBuildFile; fileRef = 1C6118AA4AD79F740D58F05A /* Pods_MisakoooKadai2Tests.framework */; };
		702AAB6B260B5C8D00F6E3D5 /* AppDelegate.swift in Sources */ = {isa = PBXBuildFile; fileRef = 702AAB6A260B5C8D00F6E3D5 /* AppDelegate.swift */; };
		702AAB6D260B5C8D00F6E3D5 /* SceneDelegate.swift in Sources */ = {isa = PBXBuildFile; fileRef = 702AAB6C260B5C8D00F6E3D5 /* SceneDelegate.swift */; };
		702AAB6F260B5C8D00F6E3D5 /* CalculationViewController.swift in Sources */ = {isa = PBXBuildFile; fileRef = 702AAB6E260B5C8D00F6E3D5 /* CalculationViewController.swift */; };
		702AAB72260B5C8D00F6E3D5 /* Main.storyboard in Resources */ = {isa = PBXBuildFile; fileRef = 702AAB70260B5C8D00F6E3D5 /* Main.storyboard */; };
		702AAB74260B5C8E00F6E3D5 /* Assets.xcassets in Resources */ = {isa = PBXBuildFile; fileRef = 702AAB73260B5C8E00F6E3D5 /* Assets.xcassets */; };
		702AAB77260B5C8E00F6E3D5 /* LaunchScreen.storyboard in Resources */ = {isa = PBXBuildFile; fileRef = 702AAB75260B5C8E00F6E3D5 /* LaunchScreen.storyboard */; };
		702AAB82260B5C8E00F6E3D5 /* MisakoooKadai2Tests.swift in Sources */ = {isa = PBXBuildFile; fileRef = 702AAB81260B5C8E00F6E3D5 /* MisakoooKadai2Tests.swift */; };
		702AAB8D260B5C8E00F6E3D5 /* MisakoooKadai2UITests.swift in Sources */ = {isa = PBXBuildFile; fileRef = 702AAB8C260B5C8E00F6E3D5 /* MisakoooKadai2UITests.swift */; };
		79AEADCC82BF5B34C84A08E1 /* Pods_MisakoooKadai2.framework in Frameworks */ = {isa = PBXBuildFile; fileRef = E8FE430B3D6148899B1E77CB /* Pods_MisakoooKadai2.framework */; };
		7ED87B10C14AD5344F75875E /* Pods_MisakoooKadai2_MisakoooKadai2UITests.framework in Frameworks */ = {isa = PBXBuildFile; fileRef = 6EEF341B7ED45E3E0BD98936 /* Pods_MisakoooKadai2_MisakoooKadai2UITests.framework */; };
/* End PBXBuildFile section */

/* Begin PBXContainerItemProxy section */
		702AAB7E260B5C8E00F6E3D5 /* PBXContainerItemProxy */ = {
			isa = PBXContainerItemProxy;
			containerPortal = 702AAB5F260B5C8D00F6E3D5 /* Project object */;
			proxyType = 1;
			remoteGlobalIDString = 702AAB66260B5C8D00F6E3D5;
			remoteInfo = MisakoooKadai2;
		};
		702AAB89260B5C8E00F6E3D5 /* PBXContainerItemProxy */ = {
			isa = PBXContainerItemProxy;
			containerPortal = 702AAB5F260B5C8D00F6E3D5 /* Project object */;
			proxyType = 1;
			remoteGlobalIDString = 702AAB66260B5C8D00F6E3D5;
			remoteInfo = MisakoooKadai2;
		};
/* End PBXContainerItemProxy section */

/* Begin PBXFileReference section */
		1C6118AA4AD79F740D58F05A /* Pods_MisakoooKadai2Tests.framework */ = {isa = PBXFileReference; explicitFileType = wrapper.framework; includeInIndex = 0; path = Pods_MisakoooKadai2Tests.framework; sourceTree = BUILT_PRODUCTS_DIR; };
		263E6E1B2BBEF426B82CA705 /* Pods-MisakoooKadai2-MisakoooKadai2UITests.debug.xcconfig */ = {isa = PBXFileReference; includeInIndex = 1; lastKnownFileType = text.xcconfig; name = "Pods-MisakoooKadai2-MisakoooKadai2UITests.debug.xcconfig"; path = "Target Support Files/Pods-MisakoooKadai2-MisakoooKadai2UITests/Pods-MisakoooKadai2-MisakoooKadai2UITests.debug.xcconfig"; sourceTree = "<group>"; };
		33F4C05409562CCE980CC7CC /* Pods-MisakoooKadai2Tests.debug.xcconfig */ = {isa = PBXFileReference; includeInIndex = 1; lastKnownFileType = text.xcconfig; name = "Pods-MisakoooKadai2Tests.debug.xcconfig"; path = "Target Support Files/Pods-MisakoooKadai2Tests/Pods-MisakoooKadai2Tests.debug.xcconfig"; sourceTree = "<group>"; };
		6EEF341B7ED45E3E0BD98936 /* Pods_MisakoooKadai2_MisakoooKadai2UITests.framework */ = {isa = PBXFileReference; explicitFileType = wrapper.framework; includeInIndex = 0; path = Pods_MisakoooKadai2_MisakoooKadai2UITests.framework; sourceTree = BUILT_PRODUCTS_DIR; };
		702AAB67260B5C8D00F6E3D5 /* MisakoooKadai2.app */ = {isa = PBXFileReference; explicitFileType = wrapper.application; includeInIndex = 0; path = MisakoooKadai2.app; sourceTree = BUILT_PRODUCTS_DIR; };
		702AAB6A260B5C8D00F6E3D5 /* AppDelegate.swift */ = {isa = PBXFileReference; lastKnownFileType = sourcecode.swift; path = AppDelegate.swift; sourceTree = "<group>"; };
		702AAB6C260B5C8D00F6E3D5 /* SceneDelegate.swift */ = {isa = PBXFileReference; lastKnownFileType = sourcecode.swift; path = SceneDelegate.swift; sourceTree = "<group>"; };
		702AAB6E260B5C8D00F6E3D5 /* CalculationViewController.swift */ = {isa = PBXFileReference; lastKnownFileType = sourcecode.swift; path = CalculationViewController.swift; sourceTree = "<group>"; };
		702AAB71260B5C8D00F6E3D5 /* Base */ = {isa = PBXFileReference; lastKnownFileType = file.storyboard; name = Base; path = Base.lproj/Main.storyboard; sourceTree = "<group>"; };
		702AAB73260B5C8E00F6E3D5 /* Assets.xcassets */ = {isa = PBXFileReference; lastKnownFileType = folder.assetcatalog; path = Assets.xcassets; sourceTree = "<group>"; };
		702AAB76260B5C8E00F6E3D5 /* Base */ = {isa = PBXFileReference; lastKnownFileType = file.storyboard; name = Base; path = Base.lproj/LaunchScreen.storyboard; sourceTree = "<group>"; };
		702AAB78260B5C8E00F6E3D5 /* Info.plist */ = {isa = PBXFileReference; lastKnownFileType = text.plist.xml; path = Info.plist; sourceTree = "<group>"; };
		702AAB7D260B5C8E00F6E3D5 /* MisakoooKadai2Tests.xctest */ = {isa = PBXFileReference; explicitFileType = wrapper.cfbundle; includeInIndex = 0; path = MisakoooKadai2Tests.xctest; sourceTree = BUILT_PRODUCTS_DIR; };
		702AAB81260B5C8E00F6E3D5 /* MisakoooKadai2Tests.swift */ = {isa = PBXFileReference; lastKnownFileType = sourcecode.swift; path = MisakoooKadai2Tests.swift; sourceTree = "<group>"; };
		702AAB83260B5C8E00F6E3D5 /* Info.plist */ = {isa = PBXFileReference; lastKnownFileType = text.plist.xml; path = Info.plist; sourceTree = "<group>"; };
		702AAB88260B5C8E00F6E3D5 /* MisakoooKadai2UITests.xctest */ = {isa = PBXFileReference; explicitFileType = wrapper.cfbundle; includeInIndex = 0; path = MisakoooKadai2UITests.xctest; sourceTree = BUILT_PRODUCTS_DIR; };
		702AAB8C260B5C8E00F6E3D5 /* MisakoooKadai2UITests.swift */ = {isa = PBXFileReference; lastKnownFileType = sourcecode.swift; path = MisakoooKadai2UITests.swift; sourceTree = "<group>"; };
		702AAB8E260B5C8E00F6E3D5 /* Info.plist */ = {isa = PBXFileReference; lastKnownFileType = text.plist.xml; path = Info.plist; sourceTree = "<group>"; };
		AD0750C3E30433FA44E4DF27 /* Pods-MisakoooKadai2.release.xcconfig */ = {isa = PBXFileReference; includeInIndex = 1; lastKnownFileType = text.xcconfig; name = "Pods-MisakoooKadai2.release.xcconfig"; path = "Target Support Files/Pods-MisakoooKadai2/Pods-MisakoooKadai2.release.xcconfig"; sourceTree = "<group>"; };
		AEAAAD210A1202CDA431A01D /* Pods-MisakoooKadai2.debug.xcconfig */ = {isa = PBXFileReference; includeInIndex = 1; lastKnownFileType = text.xcconfig; name = "Pods-MisakoooKadai2.debug.xcconfig"; path = "Target Support Files/Pods-MisakoooKadai2/Pods-MisakoooKadai2.debug.xcconfig"; sourceTree = "<group>"; };
		E3F1B455BC8F212AD7B0AD52 /* Pods-MisakoooKadai2Tests.release.xcconfig */ = {isa = PBXFileReference; includeInIndex = 1; lastKnownFileType = text.xcconfig; name = "Pods-MisakoooKadai2Tests.release.xcconfig"; path = "Target Support Files/Pods-MisakoooKadai2Tests/Pods-MisakoooKadai2Tests.release.xcconfig"; sourceTree = "<group>"; };
		E8FE430B3D6148899B1E77CB /* Pods_MisakoooKadai2.framework */ = {isa = PBXFileReference; explicitFileType = wrapper.framework; includeInIndex = 0; path = Pods_MisakoooKadai2.framework; sourceTree = BUILT_PRODUCTS_DIR; };
		FC8BFBABE50FEAEF8833249F /* Pods-MisakoooKadai2-MisakoooKadai2UITests.release.xcconfig */ = {isa = PBXFileReference; includeInIndex = 1; lastKnownFileType = text.xcconfig; name = "Pods-MisakoooKadai2-MisakoooKadai2UITests.release.xcconfig"; path = "Target Support Files/Pods-MisakoooKadai2-MisakoooKadai2UITests/Pods-MisakoooKadai2-MisakoooKadai2UITests.release.xcconfig"; sourceTree = "<group>"; };
/* End PBXFileReference section */

/* Begin PBXFrameworksBuildPhase section */
		702AAB64260B5C8D00F6E3D5 /* Frameworks */ = {
			isa = PBXFrameworksBuildPhase;
			buildActionMask = 2147483647;
			files = (
				79AEADCC82BF5B34C84A08E1 /* Pods_MisakoooKadai2.framework in Frameworks */,
			);
			runOnlyForDeploymentPostprocessing = 0;
		};
		702AAB7A260B5C8E00F6E3D5 /* Frameworks */ = {
			isa = PBXFrameworksBuildPhase;
			buildActionMask = 2147483647;
			files = (
				4E62940CF1304C0A79705036 /* Pods_MisakoooKadai2Tests.framework in Frameworks */,
			);
			runOnlyForDeploymentPostprocessing = 0;
		};
		702AAB85260B5C8E00F6E3D5 /* Frameworks */ = {
			isa = PBXFrameworksBuildPhase;
			buildActionMask = 2147483647;
			files = (
				7ED87B10C14AD5344F75875E /* Pods_MisakoooKadai2_MisakoooKadai2UITests.framework in Frameworks */,
			);
			runOnlyForDeploymentPostprocessing = 0;
		};
/* End PBXFrameworksBuildPhase section */

/* Begin PBXGroup section */
		09FC034D4D8A48BADB9B3214 /* Frameworks */ = {
			isa = PBXGroup;
			children = (
				E8FE430B3D6148899B1E77CB /* Pods_MisakoooKadai2.framework */,
				6EEF341B7ED45E3E0BD98936 /* Pods_MisakoooKadai2_MisakoooKadai2UITests.framework */,
				1C6118AA4AD79F740D58F05A /* Pods_MisakoooKadai2Tests.framework */,
			);
			name = Frameworks;
			sourceTree = "<group>";
		};
		702AAB5E260B5C8D00F6E3D5 = {
			isa = PBXGroup;
			children = (
				702AAB69260B5C8D00F6E3D5 /* MisakoooKadai2 */,
				702AAB80260B5C8E00F6E3D5 /* MisakoooKadai2Tests */,
				702AAB8B260B5C8E00F6E3D5 /* MisakoooKadai2UITests */,
				702AAB68260B5C8D00F6E3D5 /* Products */,
				AB638A9EB729E3002087DBA7 /* Pods */,
				09FC034D4D8A48BADB9B3214 /* Frameworks */,
			);
			sourceTree = "<group>";
		};
		702AAB68260B5C8D00F6E3D5 /* Products */ = {
			isa = PBXGroup;
			children = (
				702AAB67260B5C8D00F6E3D5 /* MisakoooKadai2.app */,
				702AAB7D260B5C8E00F6E3D5 /* MisakoooKadai2Tests.xctest */,
				702AAB88260B5C8E00F6E3D5 /* MisakoooKadai2UITests.xctest */,
			);
			name = Products;
			sourceTree = "<group>";
		};
		702AAB69260B5C8D00F6E3D5 /* MisakoooKadai2 */ = {
			isa = PBXGroup;
			children = (
				702AAB6A260B5C8D00F6E3D5 /* AppDelegate.swift */,
				702AAB6C260B5C8D00F6E3D5 /* SceneDelegate.swift */,
				702AAB6E260B5C8D00F6E3D5 /* CalculationViewController.swift */,
				702AAB70260B5C8D00F6E3D5 /* Main.storyboard */,
				702AAB73260B5C8E00F6E3D5 /* Assets.xcassets */,
				702AAB75260B5C8E00F6E3D5 /* LaunchScreen.storyboard */,
				702AAB78260B5C8E00F6E3D5 /* Info.plist */,
			);
			path = MisakoooKadai2;
			sourceTree = "<group>";
		};
		702AAB80260B5C8E00F6E3D5 /* MisakoooKadai2Tests */ = {
			isa = PBXGroup;
			children = (
				702AAB81260B5C8E00F6E3D5 /* MisakoooKadai2Tests.swift */,
				702AAB83260B5C8E00F6E3D5 /* Info.plist */,
			);
			path = MisakoooKadai2Tests;
			sourceTree = "<group>";
		};
		702AAB8B260B5C8E00F6E3D5 /* MisakoooKadai2UITests */ = {
			isa = PBXGroup;
			children = (
				702AAB8C260B5C8E00F6E3D5 /* MisakoooKadai2UITests.swift */,
				702AAB8E260B5C8E00F6E3D5 /* Info.plist */,
			);
			path = MisakoooKadai2UITests;
			sourceTree = "<group>";
		};
		AB638A9EB729E3002087DBA7 /* Pods */ = {
			isa = PBXGroup;
			children = (
				AEAAAD210A1202CDA431A01D /* Pods-MisakoooKadai2.debug.xcconfig */,
				AD0750C3E30433FA44E4DF27 /* Pods-MisakoooKadai2.release.xcconfig */,
				263E6E1B2BBEF426B82CA705 /* Pods-MisakoooKadai2-MisakoooKadai2UITests.debug.xcconfig */,
				FC8BFBABE50FEAEF8833249F /* Pods-MisakoooKadai2-MisakoooKadai2UITests.release.xcconfig */,
				33F4C05409562CCE980CC7CC /* Pods-MisakoooKadai2Tests.debug.xcconfig */,
				E3F1B455BC8F212AD7B0AD52 /* Pods-MisakoooKadai2Tests.release.xcconfig */,
			);
			path = Pods;
			sourceTree = "<group>";
		};
/* End PBXGroup section */

/* Begin PBXNativeTarget section */
		702AAB66260B5C8D00F6E3D5 /* MisakoooKadai2 */ = {
			isa = PBXNativeTarget;
			buildConfigurationList = 702AAB91260B5C8E00F6E3D5 /* Build configuration list for PBXNativeTarget "MisakoooKadai2" */;
			buildPhases = (
				CE688CC5C60BD120F5169B00 /* [CP] Check Pods Manifest.lock */,
				702AAB63260B5C8D00F6E3D5 /* Sources */,
				702AAB64260B5C8D00F6E3D5 /* Frameworks */,
				702AAB65260B5C8D00F6E3D5 /* Resources */,
				702AABA4260B5DC100F6E3D5 /* ShellScript */,
			);
			buildRules = (
			);
			dependencies = (
			);
			name = MisakoooKadai2;
			productName = MisakoooKadai2;
			productReference = 702AAB67260B5C8D00F6E3D5 /* MisakoooKadai2.app */;
			productType = "com.apple.product-type.application";
		};
		702AAB7C260B5C8E00F6E3D5 /* MisakoooKadai2Tests */ = {
			isa = PBXNativeTarget;
			buildConfigurationList = 702AAB94260B5C8E00F6E3D5 /* Build configuration list for PBXNativeTarget "MisakoooKadai2Tests" */;
			buildPhases = (
				02D77C9CCC24B387BE38B069 /* [CP] Check Pods Manifest.lock */,
				702AAB79260B5C8E00F6E3D5 /* Sources */,
				702AAB7A260B5C8E00F6E3D5 /* Frameworks */,
				702AAB7B260B5C8E00F6E3D5 /* Resources */,
			);
			buildRules = (
			);
			dependencies = (
				702AAB7F260B5C8E00F6E3D5 /* PBXTargetDependency */,
			);
			name = MisakoooKadai2Tests;
			productName = MisakoooKadai2Tests;
			productReference = 702AAB7D260B5C8E00F6E3D5 /* MisakoooKadai2Tests.xctest */;
			productType = "com.apple.product-type.bundle.unit-test";
		};
		702AAB87260B5C8E00F6E3D5 /* MisakoooKadai2UITests */ = {
			isa = PBXNativeTarget;
			buildConfigurationList = 702AAB97260B5C8E00F6E3D5 /* Build configuration list for PBXNativeTarget "MisakoooKadai2UITests" */;
			buildPhases = (
				130C2FF16A1513BC45A67BEB /* [CP] Check Pods Manifest.lock */,
				702AAB84260B5C8E00F6E3D5 /* Sources */,
				702AAB85260B5C8E00F6E3D5 /* Frameworks */,
				702AAB86260B5C8E00F6E3D5 /* Resources */,
			);
			buildRules = (
			);
			dependencies = (
				702AAB8A260B5C8E00F6E3D5 /* PBXTargetDependency */,
			);
			name = MisakoooKadai2UITests;
			productName = MisakoooKadai2UITests;
			productReference = 702AAB88260B5C8E00F6E3D5 /* MisakoooKadai2UITests.xctest */;
			productType = "com.apple.product-type.bundle.ui-testing";
		};
/* End PBXNativeTarget section */

/* Begin PBXProject section */
		702AAB5F260B5C8D00F6E3D5 /* Project object */ = {
			isa = PBXProject;
			attributes = {
				LastSwiftUpdateCheck = 1240;
				LastUpgradeCheck = 1240;
				TargetAttributes = {
					702AAB66260B5C8D00F6E3D5 = {
						CreatedOnToolsVersion = 12.4;
					};
					702AAB7C260B5C8E00F6E3D5 = {
						CreatedOnToolsVersion = 12.4;
						TestTargetID = 702AAB66260B5C8D00F6E3D5;
					};
					702AAB87260B5C8E00F6E3D5 = {
						CreatedOnToolsVersion = 12.4;
						TestTargetID = 702AAB66260B5C8D00F6E3D5;
					};
				};
			};
			buildConfigurationList = 702AAB62260B5C8D00F6E3D5 /* Build configuration list for PBXProject "MisakoooKadai2" */;
			compatibilityVersion = "Xcode 9.3";
			developmentRegion = en;
			hasScannedForEncodings = 0;
			knownRegions = (
				en,
				Base,
			);
			mainGroup = 702AAB5E260B5C8D00F6E3D5;
			productRefGroup = 702AAB68260B5C8D00F6E3D5 /* Products */;
			projectDirPath = "";
			projectRoot = "";
			targets = (
				702AAB66260B5C8D00F6E3D5 /* MisakoooKadai2 */,
				702AAB7C260B5C8E00F6E3D5 /* MisakoooKadai2Tests */,
				702AAB87260B5C8E00F6E3D5 /* MisakoooKadai2UITests */,
			);
		};
/* End PBXProject section */

/* Begin PBXResourcesBuildPhase section */
		702AAB65260B5C8D00F6E3D5 /* Resources */ = {
			isa = PBXResourcesBuildPhase;
			buildActionMask = 2147483647;
			files = (
				702AAB77260B5C8E00F6E3D5 /* LaunchScreen.storyboard in Resources */,
				702AAB74260B5C8E00F6E3D5 /* Assets.xcassets in Resources */,
				702AAB72260B5C8D00F6E3D5 /* Main.storyboard in Resources */,
			);
			runOnlyForDeploymentPostprocessing = 0;
		};
		702AAB7B260B5C8E00F6E3D5 /* Resources */ = {
			isa = PBXResourcesBuildPhase;
			buildActionMask = 2147483647;
			files = (
			);
			runOnlyForDeploymentPostprocessing = 0;
		};
		702AAB86260B5C8E00F6E3D5 /* Resources */ = {
			isa = PBXResourcesBuildPhase;
			buildActionMask = 2147483647;
			files = (
			);
			runOnlyForDeploymentPostprocessing = 0;
		};
/* End PBXResourcesBuildPhase section */

/* Begin PBXShellScriptBuildPhase section */
		02D77C9CCC24B387BE38B069 /* [CP] Check Pods Manifest.lock */ = {
			isa = PBXShellScriptBuildPhase;
			buildActionMask = 2147483647;
			files = (
			);
			inputFileListPaths = (
			);
			inputPaths = (
				"${PODS_PODFILE_DIR_PATH}/Podfile.lock",
				"${PODS_ROOT}/Manifest.lock",
			);
			name = "[CP] Check Pods Manifest.lock";
			outputFileListPaths = (
			);
			outputPaths = (
				"$(DERIVED_FILE_DIR)/Pods-MisakoooKadai2Tests-checkManifestLockResult.txt",
			);
			runOnlyForDeploymentPostprocessing = 0;
			shellPath = /bin/sh;
			shellScript = "diff \"${PODS_PODFILE_DIR_PATH}/Podfile.lock\" \"${PODS_ROOT}/Manifest.lock\" > /dev/null\nif [ $? != 0 ] ; then\n    # print error to STDERR\n    echo \"error: The sandbox is not in sync with the Podfile.lock. Run 'pod install' or update your CocoaPods installation.\" >&2\n    exit 1\nfi\n# This output is used by Xcode 'outputs' to avoid re-running this script phase.\necho \"SUCCESS\" > \"${SCRIPT_OUTPUT_FILE_0}\"\n";
			showEnvVarsInLog = 0;
		};
		130C2FF16A1513BC45A67BEB /* [CP] Check Pods Manifest.lock */ = {
			isa = PBXShellScriptBuildPhase;
			buildActionMask = 2147483647;
			files = (
			);
			inputFileListPaths = (
			);
			inputPaths = (
				"${PODS_PODFILE_DIR_PATH}/Podfile.lock",
				"${PODS_ROOT}/Manifest.lock",
			);
			name = "[CP] Check Pods Manifest.lock";
			outputFileListPaths = (
			);
			outputPaths = (
				"$(DERIVED_FILE_DIR)/Pods-MisakoooKadai2-MisakoooKadai2UITests-checkManifestLockResult.txt",
			);
			runOnlyForDeploymentPostprocessing = 0;
			shellPath = /bin/sh;
			shellScript = "diff \"${PODS_PODFILE_DIR_PATH}/Podfile.lock\" \"${PODS_ROOT}/Manifest.lock\" > /dev/null\nif [ $? != 0 ] ; then\n    # print error to STDERR\n    echo \"error: The sandbox is not in sync with the Podfile.lock. Run 'pod install' or update your CocoaPods installation.\" >&2\n    exit 1\nfi\n# This output is used by Xcode 'outputs' to avoid re-running this script phase.\necho \"SUCCESS\" > \"${SCRIPT_OUTPUT_FILE_0}\"\n";
			showEnvVarsInLog = 0;
		};
		702AABA4260B5DC100F6E3D5 /* ShellScript */ = {
			isa = PBXShellScriptBuildPhase;
			buildActionMask = 2147483647;
			files = (
			);
			inputFileListPaths = (
			);
			inputPaths = (
			);
			outputFileListPaths = (
			);
			outputPaths = (
			);
			runOnlyForDeploymentPostprocessing = 0;
			shellPath = /bin/sh;
			shellScript = "\"${PODS_ROOT}/SwiftLint/swiftlint\"\n";
		};
		CE688CC5C60BD120F5169B00 /* [CP] Check Pods Manifest.lock */ = {
			isa = PBXShellScriptBuildPhase;
			buildActionMask = 2147483647;
			files = (
			);
			inputFileListPaths = (
			);
			inputPaths = (
				"${PODS_PODFILE_DIR_PATH}/Podfile.lock",
				"${PODS_ROOT}/Manifest.lock",
			);
			name = "[CP] Check Pods Manifest.lock";
			outputFileListPaths = (
			);
			outputPaths = (
				"$(DERIVED_FILE_DIR)/Pods-MisakoooKadai2-checkManifestLockResult.txt",
			);
			runOnlyForDeploymentPostprocessing = 0;
			shellPath = /bin/sh;
			shellScript = "diff \"${PODS_PODFILE_DIR_PATH}/Podfile.lock\" \"${PODS_ROOT}/Manifest.lock\" > /dev/null\nif [ $? != 0 ] ; then\n    # print error to STDERR\n    echo \"error: The sandbox is not in sync with the Podfile.lock. Run 'pod install' or update your CocoaPods installation.\" >&2\n    exit 1\nfi\n# This output is used by Xcode 'outputs' to avoid re-running this script phase.\necho \"SUCCESS\" > \"${SCRIPT_OUTPUT_FILE_0}\"\n";
			showEnvVarsInLog = 0;
		};
/* End PBXShellScriptBuildPhase section */

/* Begin PBXSourcesBuildPhase section */
		702AAB63260B5C8D00F6E3D5 /* Sources */ = {
			isa = PBXSourcesBuildPhase;
			buildActionMask = 2147483647;
			files = (
				702AAB6F260B5C8D00F6E3D5 /* CalculationViewController.swift in Sources */,
				702AAB6B260B5C8D00F6E3D5 /* AppDelegate.swift in Sources */,
				702AAB6D260B5C8D00F6E3D5 /* SceneDelegate.swift in Sources */,
			);
			runOnlyForDeploymentPostprocessing = 0;
		};
		702AAB79260B5C8E00F6E3D5 /* Sources */ = {
			isa = PBXSourcesBuildPhase;
			buildActionMask = 2147483647;
			files = (
				702AAB82260B5C8E00F6E3D5 /* MisakoooKadai2Tests.swift in Sources */,
			);
			runOnlyForDeploymentPostprocessing = 0;
		};
		702AAB84260B5C8E00F6E3D5 /* Sources */ = {
			isa = PBXSourcesBuildPhase;
			buildActionMask = 2147483647;
			files = (
				702AAB8D260B5C8E00F6E3D5 /* MisakoooKadai2UITests.swift in Sources */,
			);
			runOnlyForDeploymentPostprocessing = 0;
		};
/* End PBXSourcesBuildPhase section */

/* Begin PBXTargetDependency section */
		702AAB7F260B5C8E00F6E3D5 /* PBXTargetDependency */ = {
			isa = PBXTargetDependency;
			target = 702AAB66260B5C8D00F6E3D5 /* MisakoooKadai2 */;
			targetProxy = 702AAB7E260B5C8E00F6E3D5 /* PBXContainerItemProxy */;
		};
		702AAB8A260B5C8E00F6E3D5 /* PBXTargetDependency */ = {
			isa = PBXTargetDependency;
			target = 702AAB66260B5C8D00F6E3D5 /* MisakoooKadai2 */;
			targetProxy = 702AAB89260B5C8E00F6E3D5 /* PBXContainerItemProxy */;
		};
/* End PBXTargetDependency section */

/* Begin PBXVariantGroup section */
		702AAB70260B5C8D00F6E3D5 /* Main.storyboard */ = {
			isa = PBXVariantGroup;
			children = (
				702AAB71260B5C8D00F6E3D5 /* Base */,
			);
			name = Main.storyboard;
			sourceTree = "<group>";
		};
		702AAB75260B5C8E00F6E3D5 /* LaunchScreen.storyboard */ = {
			isa = PBXVariantGroup;
			children = (
				702AAB76260B5C8E00F6E3D5 /* Base */,
			);
			name = LaunchScreen.storyboard;
			sourceTree = "<group>";
		};
/* End PBXVariantGroup section */

/* Begin XCBuildConfiguration section */
		702AAB8F260B5C8E00F6E3D5 /* Debug */ = {
			isa = XCBuildConfiguration;
			buildSettings = {
				ALWAYS_SEARCH_USER_PATHS = NO;
				CLANG_ANALYZER_NONNULL = YES;
				CLANG_ANALYZER_NUMBER_OBJECT_CONVERSION = YES_AGGRESSIVE;
				CLANG_CXX_LANGUAGE_STANDARD = "gnu++14";
				CLANG_CXX_LIBRARY = "libc++";
				CLANG_ENABLE_MODULES = YES;
				CLANG_ENABLE_OBJC_ARC = YES;
				CLANG_ENABLE_OBJC_WEAK = YES;
				CLANG_WARN_BLOCK_CAPTURE_AUTORELEASING = YES;
				CLANG_WARN_BOOL_CONVERSION = YES;
				CLANG_WARN_COMMA = YES;
				CLANG_WARN_CONSTANT_CONVERSION = YES;
				CLANG_WARN_DEPRECATED_OBJC_IMPLEMENTATIONS = YES;
				CLANG_WARN_DIRECT_OBJC_ISA_USAGE = YES_ERROR;
				CLANG_WARN_DOCUMENTATION_COMMENTS = YES;
				CLANG_WARN_EMPTY_BODY = YES;
				CLANG_WARN_ENUM_CONVERSION = YES;
				CLANG_WARN_INFINITE_RECURSION = YES;
				CLANG_WARN_INT_CONVERSION = YES;
				CLANG_WARN_NON_LITERAL_NULL_CONVERSION = YES;
				CLANG_WARN_OBJC_IMPLICIT_RETAIN_SELF = YES;
				CLANG_WARN_OBJC_LITERAL_CONVERSION = YES;
				CLANG_WARN_OBJC_ROOT_CLASS = YES_ERROR;
				CLANG_WARN_QUOTED_INCLUDE_IN_FRAMEWORK_HEADER = YES;
				CLANG_WARN_RANGE_LOOP_ANALYSIS = YES;
				CLANG_WARN_STRICT_PROTOTYPES = YES;
				CLANG_WARN_SUSPICIOUS_MOVE = YES;
				CLANG_WARN_UNGUARDED_AVAILABILITY = YES_AGGRESSIVE;
				CLANG_WARN_UNREACHABLE_CODE = YES;
				CLANG_WARN__DUPLICATE_METHOD_MATCH = YES;
				COPY_PHASE_STRIP = NO;
				DEBUG_INFORMATION_FORMAT = dwarf;
				ENABLE_STRICT_OBJC_MSGSEND = YES;
				ENABLE_TESTABILITY = YES;
				GCC_C_LANGUAGE_STANDARD = gnu11;
				GCC_DYNAMIC_NO_PIC = NO;
				GCC_NO_COMMON_BLOCKS = YES;
				GCC_OPTIMIZATION_LEVEL = 0;
				GCC_PREPROCESSOR_DEFINITIONS = (
					"DEBUG=1",
					"$(inherited)",
				);
				GCC_WARN_64_TO_32_BIT_CONVERSION = YES;
				GCC_WARN_ABOUT_RETURN_TYPE = YES_ERROR;
				GCC_WARN_UNDECLARED_SELECTOR = YES;
				GCC_WARN_UNINITIALIZED_AUTOS = YES_AGGRESSIVE;
				GCC_WARN_UNUSED_FUNCTION = YES;
				GCC_WARN_UNUSED_VARIABLE = YES;
				IPHONEOS_DEPLOYMENT_TARGET = 14.4;
				MTL_ENABLE_DEBUG_INFO = INCLUDE_SOURCE;
				MTL_FAST_MATH = YES;
				ONLY_ACTIVE_ARCH = YES;
				SDKROOT = iphoneos;
				SWIFT_ACTIVE_COMPILATION_CONDITIONS = DEBUG;
				SWIFT_OPTIMIZATION_LEVEL = "-Onone";
			};
			name = Debug;
		};
		702AAB90260B5C8E00F6E3D5 /* Release */ = {
			isa = XCBuildConfiguration;
			buildSettings = {
				ALWAYS_SEARCH_USER_PATHS = NO;
				CLANG_ANALYZER_NONNULL = YES;
				CLANG_ANALYZER_NUMBER_OBJECT_CONVERSION = YES_AGGRESSIVE;
				CLANG_CXX_LANGUAGE_STANDARD = "gnu++14";
				CLANG_CXX_LIBRARY = "libc++";
				CLANG_ENABLE_MODULES = YES;
				CLANG_ENABLE_OBJC_ARC = YES;
				CLANG_ENABLE_OBJC_WEAK = YES;
				CLANG_WARN_BLOCK_CAPTURE_AUTORELEASING = YES;
				CLANG_WARN_BOOL_CONVERSION = YES;
				CLANG_WARN_COMMA = YES;
				CLANG_WARN_CONSTANT_CONVERSION = YES;
				CLANG_WARN_DEPRECATED_OBJC_IMPLEMENTATIONS = YES;
				CLANG_WARN_DIRECT_OBJC_ISA_USAGE = YES_ERROR;
				CLANG_WARN_DOCUMENTATION_COMMENTS = YES;
				CLANG_WARN_EMPTY_BODY = YES;
				CLANG_WARN_ENUM_CONVERSION = YES;
				CLANG_WARN_INFINITE_RECURSION = YES;
				CLANG_WARN_INT_CONVERSION = YES;
				CLANG_WARN_NON_LITERAL_NULL_CONVERSION = YES;
				CLANG_WARN_OBJC_IMPLICIT_RETAIN_SELF = YES;
				CLANG_WARN_OBJC_LITERAL_CONVERSION = YES;
				CLANG_WARN_OBJC_ROOT_CLASS = YES_ERROR;
				CLANG_WARN_QUOTED_INCLUDE_IN_FRAMEWORK_HEADER = YES;
				CLANG_WARN_RANGE_LOOP_ANALYSIS = YES;
				CLANG_WARN_STRICT_PROTOTYPES = YES;
				CLANG_WARN_SUSPICIOUS_MOVE = YES;
				CLANG_WARN_UNGUARDED_AVAILABILITY = YES_AGGRESSIVE;
				CLANG_WARN_UNREACHABLE_CODE = YES;
				CLANG_WARN__DUPLICATE_METHOD_MATCH = YES;
				COPY_PHASE_STRIP = NO;
				DEBUG_INFORMATION_FORMAT = "dwarf-with-dsym";
				ENABLE_NS_ASSERTIONS = NO;
				ENABLE_STRICT_OBJC_MSGSEND = YES;
				GCC_C_LANGUAGE_STANDARD = gnu11;
				GCC_NO_COMMON_BLOCKS = YES;
				GCC_WARN_64_TO_32_BIT_CONVERSION = YES;
				GCC_WARN_ABOUT_RETURN_TYPE = YES_ERROR;
				GCC_WARN_UNDECLARED_SELECTOR = YES;
				GCC_WARN_UNINITIALIZED_AUTOS = YES_AGGRESSIVE;
				GCC_WARN_UNUSED_FUNCTION = YES;
				GCC_WARN_UNUSED_VARIABLE = YES;
				IPHONEOS_DEPLOYMENT_TARGET = 14.4;
				MTL_ENABLE_DEBUG_INFO = NO;
				MTL_FAST_MATH = YES;
				SDKROOT = iphoneos;
				SWIFT_COMPILATION_MODE = wholemodule;
				SWIFT_OPTIMIZATION_LEVEL = "-O";
				VALIDATE_PRODUCT = YES;
			};
			name = Release;
		};
		702AAB92260B5C8E00F6E3D5 /* Debug */ = {
			isa = XCBuildConfiguration;
			baseConfigurationReference = AEAAAD210A1202CDA431A01D /* Pods-MisakoooKadai2.debug.xcconfig */;
			buildSettings = {
				ASSETCATALOG_COMPILER_APPICON_NAME = AppIcon;
				ASSETCATALOG_COMPILER_GLOBAL_ACCENT_COLOR_NAME = AccentColor;
				CODE_SIGN_STYLE = Automatic;
				DEVELOPMENT_TEAM = 648JG9QLF7;
				INFOPLIST_FILE = MisakoooKadai2/Info.plist;
				LD_RUNPATH_SEARCH_PATHS = (
					"$(inherited)",
					"@executable_path/Frameworks",
				);
				PRODUCT_BUNDLE_IDENTIFIER = kadai.MisakoooKadai2;
				PRODUCT_NAME = "$(TARGET_NAME)";
				SWIFT_VERSION = 5.0;
				TARGETED_DEVICE_FAMILY = "1,2";
			};
			name = Debug;
		};
		702AAB93260B5C8E00F6E3D5 /* Release */ = {
			isa = XCBuildConfiguration;
			baseConfigurationReference = AD0750C3E30433FA44E4DF27 /* Pods-MisakoooKadai2.release.xcconfig */;
			buildSettings = {
				ASSETCATALOG_COMPILER_APPICON_NAME = AppIcon;
				ASSETCATALOG_COMPILER_GLOBAL_ACCENT_COLOR_NAME = AccentColor;
				CODE_SIGN_STYLE = Automatic;
				DEVELOPMENT_TEAM = 648JG9QLF7;
				INFOPLIST_FILE = MisakoooKadai2/Info.plist;
				LD_RUNPATH_SEARCH_PATHS = (
					"$(inherited)",
					"@executable_path/Frameworks",
				);
				PRODUCT_BUNDLE_IDENTIFIER = kadai.MisakoooKadai2;
				PRODUCT_NAME = "$(TARGET_NAME)";
				SWIFT_VERSION = 5.0;
				TARGETED_DEVICE_FAMILY = "1,2";
			};
			name = Release;
		};
		702AAB95260B5C8E00F6E3D5 /* Debug */ = {
			isa = XCBuildConfiguration;
			baseConfigurationReference = 33F4C05409562CCE980CC7CC /* Pods-MisakoooKadai2Tests.debug.xcconfig */;
			buildSettings = {
				ALWAYS_EMBED_SWIFT_STANDARD_LIBRARIES = YES;
				BUNDLE_LOADER = "$(TEST_HOST)";
				CODE_SIGN_STYLE = Automatic;
				DEVELOPMENT_TEAM = 648JG9QLF7;
				INFOPLIST_FILE = MisakoooKadai2Tests/Info.plist;
				IPHONEOS_DEPLOYMENT_TARGET = 14.4;
				LD_RUNPATH_SEARCH_PATHS = (
					"$(inherited)",
					"@executable_path/Frameworks",
					"@loader_path/Frameworks",
				);
				PRODUCT_BUNDLE_IDENTIFIER = kadai.MisakoooKadai2Tests;
				PRODUCT_NAME = "$(TARGET_NAME)";
				SWIFT_VERSION = 5.0;
				TARGETED_DEVICE_FAMILY = "1,2";
				TEST_HOST = "$(BUILT_PRODUCTS_DIR)/MisakoooKadai2.app/MisakoooKadai2";
			};
			name = Debug;
		};
		702AAB96260B5C8E00F6E3D5 /* Release */ = {
			isa = XCBuildConfiguration;
			baseConfigurationReference = E3F1B455BC8F212AD7B0AD52 /* Pods-MisakoooKadai2Tests.release.xcconfig */;
			buildSettings = {
				ALWAYS_EMBED_SWIFT_STANDARD_LIBRARIES = YES;
				BUNDLE_LOADER = "$(TEST_HOST)";
				CODE_SIGN_STYLE = Automatic;
				DEVELOPMENT_TEAM = 648JG9QLF7;
				INFOPLIST_FILE = MisakoooKadai2Tests/Info.plist;
				IPHONEOS_DEPLOYMENT_TARGET = 14.4;
				LD_RUNPATH_SEARCH_PATHS = (
					"$(inherited)",
					"@executable_path/Frameworks",
					"@loader_path/Frameworks",
				);
				PRODUCT_BUNDLE_IDENTIFIER = kadai.MisakoooKadai2Tests;
				PRODUCT_NAME = "$(TARGET_NAME)";
				SWIFT_VERSION = 5.0;
				TARGETED_DEVICE_FAMILY = "1,2";
				TEST_HOST = "$(BUILT_PRODUCTS_DIR)/MisakoooKadai2.app/MisakoooKadai2";
			};
			name = Release;
		};
		702AAB98260B5C8E00F6E3D5 /* Debug */ = {
			isa = XCBuildConfiguration;
			baseConfigurationReference = 263E6E1B2BBEF426B82CA705 /* Pods-MisakoooKadai2-MisakoooKadai2UITests.debug.xcconfig */;
			buildSettings = {
				ALWAYS_EMBED_SWIFT_STANDARD_LIBRARIES = YES;
				CODE_SIGN_STYLE = Automatic;
				DEVELOPMENT_TEAM = 648JG9QLF7;
				INFOPLIST_FILE = MisakoooKadai2UITests/Info.plist;
				LD_RUNPATH_SEARCH_PATHS = (
					"$(inherited)",
					"@executable_path/Frameworks",
					"@loader_path/Frameworks",
				);
				PRODUCT_BUNDLE_IDENTIFIER = kadai.MisakoooKadai2UITests;
				PRODUCT_NAME = "$(TARGET_NAME)";
				SWIFT_VERSION = 5.0;
				TARGETED_DEVICE_FAMILY = "1,2";
				TEST_TARGET_NAME = MisakoooKadai2;
			};
			name = Debug;
		};
		702AAB99260B5C8E00F6E3D5 /* Release */ = {
			isa = XCBuildConfiguration;
			baseConfigurationReference = FC8BFBABE50FEAEF8833249F /* Pods-MisakoooKadai2-MisakoooKadai2UITests.release.xcconfig */;
			buildSettings = {
				ALWAYS_EMBED_SWIFT_STANDARD_LIBRARIES = YES;
				CODE_SIGN_STYLE = Automatic;
				DEVELOPMENT_TEAM = 648JG9QLF7;
				INFOPLIST_FILE = MisakoooKadai2UITests/Info.plist;
				LD_RUNPATH_SEARCH_PATHS = (
					"$(inherited)",
					"@executable_path/Frameworks",
					"@loader_path/Frameworks",
				);
				PRODUCT_BUNDLE_IDENTIFIER = kadai.MisakoooKadai2UITests;
				PRODUCT_NAME = "$(TARGET_NAME)";
				SWIFT_VERSION = 5.0;
				TARGETED_DEVICE_FAMILY = "1,2";
				TEST_TARGET_NAME = MisakoooKadai2;
			};
			name = Release;
		};
/* End XCBuildConfiguration section */

/* Begin XCConfigurationList section */
		702AAB62260B5C8D00F6E3D5 /* Build configuration list for PBXProject "MisakoooKadai2" */ = {
			isa = XCConfigurationList;
			buildConfigurations = (
				702AAB8F260B5C8E00F6E3D5 /* Debug */,
				702AAB90260B5C8E00F6E3D5 /* Release */,
			);
			defaultConfigurationIsVisible = 0;
			defaultConfigurationName = Release;
		};
		702AAB91260B5C8E00F6E3D5 /* Build configuration list for PBXNativeTarget "MisakoooKadai2" */ = {
			isa = XCConfigurationList;
			buildConfigurations = (
				702AAB92260B5C8E00F6E3D5 /* Debug */,
				702AAB93260B5C8E00F6E3D5 /* Release */,
			);
			defaultConfigurationIsVisible = 0;
			defaultConfigurationName = Release;
		};
		702AAB94260B5C8E00F6E3D5 /* Build configuration list for PBXNativeTarget "MisakoooKadai2Tests" */ = {
			isa = XCConfigurationList;
			buildConfigurations = (
				702AAB95260B5C8E00F6E3D5 /* Debug */,
				702AAB96260B5C8E00F6E3D5 /* Release */,
			);
			defaultConfigurationIsVisible = 0;
			defaultConfigurationName = Release;
		};
		702AAB97260B5C8E00F6E3D5 /* Build configuration list for PBXNativeTarget "MisakoooKadai2UITests" */ = {
			isa = XCConfigurationList;
			buildConfigurations = (
				702AAB98260B5C8E00F6E3D5 /* Debug */,
				702AAB99260B5C8E00F6E3D5 /* Release */,
			);
			defaultConfigurationIsVisible = 0;
			defaultConfigurationName = Release;
		};
/* End XCConfigurationList section */
	};
	rootObject = 702AAB5F260B5C8D00F6E3D5 /* Project object */;
}
